// !$*UTF8*$!
{
	archiveVersion = 1;
	classes = {
	};
	objectVersion = 46;
	objects = {

/* Begin PBXBuildFile section */
		270B63181C94CA31004CDA57 /* AppDelegate.swift in Sources */ = {isa = PBXBuildFile; fileRef = 270B63171C94CA31004CDA57 /* AppDelegate.swift */; };
		270B631A1C94CA31004CDA57 /* ViewController.swift in Sources */ = {isa = PBXBuildFile; fileRef = 270B63191C94CA31004CDA57 /* ViewController.swift */; };
		270B631D1C94CA31004CDA57 /* Main.storyboard in Resources */ = {isa = PBXBuildFile; fileRef = 270B631B1C94CA31004CDA57 /* Main.storyboard */; };
		270B631F1C94CA31004CDA57 /* Assets.xcassets in Resources */ = {isa = PBXBuildFile; fileRef = 270B631E1C94CA31004CDA57 /* Assets.xcassets */; };
		270B63221C94CA31004CDA57 /* LaunchScreen.storyboard in Resources */ = {isa = PBXBuildFile; fileRef = 270B63201C94CA31004CDA57 /* LaunchScreen.storyboard */; };
/* End PBXBuildFile section */

/* Begin PBXFileReference section */
		270B63141C94CA31004CDA57 /* Hide Bombs.app */ = {isa = PBXFileReference; explicitFileType = wrapper.application; includeInIndex = 0; path = "Hide Bombs.app"; sourceTree = BUILT_PRODUCTS_DIR; };
		270B63171C94CA31004CDA57 /* AppDelegate.swift */ = {isa = PBXFileReference; lastKnownFileType = sourcecode.swift; path = AppDelegate.swift; sourceTree = "<group>"; };
		270B63191C94CA31004CDA57 /* ViewController.swift */ = {isa = PBXFileReference; lastKnownFileType = sourcecode.swift; path = ViewController.swift; sourceTree = "<group>"; };
		270B631C1C94CA31004CDA57 /* Base */ = {isa = PBXFileReference; lastKnownFileType = file.storyboard; name = Base; path = Base.lproj/Main.storyboard; sourceTree = "<group>"; };
		270B631E1C94CA31004CDA57 /* Assets.xcassets */ = {isa = PBXFileReference; lastKnownFileType = folder.assetcatalog; path = Assets.xcassets; sourceTree = "<group>"; };
		270B63211C94CA31004CDA57 /* Base */ = {isa = PBXFileReference; lastKnownFileType = file.storyboard; name = Base; path = Base.lproj/LaunchScreen.storyboard; sourceTree = "<group>"; };
		270B63231C94CA31004CDA57 /* Info.plist */ = {isa = PBXFileReference; lastKnownFileType = text.plist.xml; path = Info.plist; sourceTree = "<group>"; };
/* End PBXFileReference section */

/* Begin PBXFrameworksBuildPhase section */
		270B63111C94CA31004CDA57 /* Frameworks */ = {
			isa = PBXFrameworksBuildPhase;
			buildActionMask = 2147483647;
			files = (
			);
			runOnlyForDeploymentPostprocessing = 0;
		};
/* End PBXFrameworksBuildPhase section */

/* Begin PBXGroup section */
		270B630B1C94CA31004CDA57 = {
			isa = PBXGroup;
			children = (
				270B63161C94CA31004CDA57 /* Hide Bombs */,
				270B63151C94CA31004CDA57 /* Products */,
			);
			sourceTree = "<group>";
		};
		270B63151C94CA31004CDA57 /* Products */ = {
			isa = PBXGroup;
			children = (
				270B63141C94CA31004CDA57 /* Hide Bombs.app */,
			);
			name = Products;
			sourceTree = "<group>";
		};
		270B63161C94CA31004CDA57 /* Hide Bombs */ = {
			isa = PBXGroup;
			children = (
				270B63171C94CA31004CDA57 /* AppDelegate.swift */,
				270B63191C94CA31004CDA57 /* ViewController.swift */,
				270B631B1C94CA31004CDA57 /* Main.storyboard */,
				270B631E1C94CA31004CDA57 /* Assets.xcassets */,
				270B63201C94CA31004CDA57 /* LaunchScreen.storyboard */,
				270B63231C94CA31004CDA57 /* Info.plist */,
			);
			path = "Hide Bombs";
			sourceTree = "<group>";
		};
/* End PBXGroup section */

/* Begin PBXNativeTarget section */
		270B63131C94CA31004CDA57 /* Hide Bombs */ = {
			isa = PBXNativeTarget;
			buildConfigurationList = 270B63261C94CA31004CDA57 /* Build configuration list for PBXNativeTarget "Hide Bombs" */;
			buildPhases = (
				270B63101C94CA31004CDA57 /* Sources */,
				270B63111C94CA31004CDA57 /* Frameworks */,
				270B63121C94CA31004CDA57 /* Resources */,
			);
			buildRules = (
			);
			dependencies = (
			);
			name = "Hide Bombs";
			productName = "Hide Bombs";
			productReference = 270B63141C94CA31004CDA57 /* Hide Bombs.app */;
			productType = "com.apple.product-type.application";
		};
/* End PBXNativeTarget section */

/* Begin PBXProject section */
		270B630C1C94CA31004CDA57 /* Project object */ = {
			isa = PBXProject;
			attributes = {
				LastSwiftUpdateCheck = 0720;
				LastUpgradeCheck = 0720;
				ORGANIZATIONNAME = Devcellence;
				TargetAttributes = {
					270B63131C94CA31004CDA57 = {
						CreatedOnToolsVersion = 7.2.1;
					};
				};
			};
			buildConfigurationList = 270B630F1C94CA31004CDA57 /* Build configuration list for PBXProject "Hide Bombs" */;
			compatibilityVersion = "Xcode 3.2";
			developmentRegion = English;
			hasScannedForEncodings = 0;
			knownRegions = (
				en,
				Base,
			);
			mainGroup = 270B630B1C94CA31004CDA57;
			productRefGroup = 270B63151C94CA31004CDA57 /* Products */;
			projectDirPath = "";
			projectRoot = "";
			targets = (
				270B63131C94CA31004CDA57 /* Hide Bombs */,
			);
		};
/* End PBXProject section */

/* Begin PBXResourcesBuildPhase section */
		270B63121C94CA31004CDA57 /* Resources */ = {
			isa = PBXResourcesBuildPhase;
			buildActionMask = 2147483647;
			files = (
				270B63221C94CA31004CDA57 /* LaunchScreen.storyboard in Resources */,
				270B631F1C94CA31004CDA57 /* Assets.xcassets in Resources */,
				270B631D1C94CA31004CDA57 /* Main.storyboard in Resources */,
			);
			runOnlyForDeploymentPostprocessing = 0;
		};
/* End PBXResourcesBuildPhase section */

/* Begin PBXSourcesBuildPhase section */
		270B63101C94CA31004CDA57 /* Sources */ = {
			isa = PBXSourcesBuildPhase;
			buildActionMask = 2147483647;
			files = (
				270B631A1C94CA31004CDA57 /* ViewController.swift in Sources */,
				270B63181C94CA31004CDA57 /* AppDelegate.swift in Sources */,
			);
			runOnlyForDeploymentPostprocessing = 0;
		};
/* End PBXSourcesBuildPhase section */

/* Begin PBXVariantGroup section */
		270B631B1C94CA31004CDA57 /* Main.storyboard */ = {
			isa = PBXVariantGroup;
			children = (
				270B631C1C94CA31004CDA57 /* Base */,
			);
			name = Main.storyboard;
			sourceTree = "<group>";
		};
		270B63201C94CA31004CDA57 /* LaunchScreen.storyboard */ = {
			isa = PBXVariantGroup;
			children = (
				270B63211C94CA31004CDA57 /* Base */,
			);
			name = LaunchScreen.storyboard;
			sourceTree = "<group>";
		};
/* End PBXVariantGroup section */

/* Begin XCBuildConfiguration section */
		270B63241C94CA31004CDA57 /* Debug */ = {
			isa = XCBuildConfiguration;
			buildSettings = {
				ALWAYS_SEARCH_USER_PATHS = NO;
				CLANG_CXX_LANGUAGE_STANDARD = "gnu++0x";
				CLANG_CXX_LIBRARY = "libc++";
				CLANG_ENABLE_MODULES = YES;
				CLANG_ENABLE_OBJC_ARC = YES;
				CLANG_WARN_BOOL_CONVERSION = YES;
				CLANG_WARN_CONSTANT_CONVERSION = YES;
				CLANG_WARN_DIRECT_OBJC_ISA_USAGE = YES_ERROR;
				CLANG_WARN_EMPTY_BODY = YES;
				CLANG_WARN_ENUM_CONVERSION = YES;
				CLANG_WARN_INT_CONVERSION = YES;
				CLANG_WARN_OBJC_ROOT_CLASS = YES_ERROR;
				CLANG_WARN_UNREACHABLE_CODE = YES;
				CLANG_WARN__DUPLICATE_METHOD_MATCH = YES;
				"CODE_SIGN_IDENTITY[sdk=iphoneos*]" = "iPhone Developer";
				COPY_PHASE_STRIP = NO;
				DEBUG_INFORMATION_FORMAT = dwarf;
				ENABLE_STRICT_OBJC_MSGSEND = YES;
				ENABLE_TESTABILITY = YES;
				GCC_C_LANGUAGE_STANDARD = gnu99;
				GCC_DYNAMIC_NO_PIC = NO;
				GCC_NO_COMMON_BLOCKS = YES;
				GCC_OPTIMIZATION_LEVEL = 0;
				GCC_PREPROCESSOR_DEFINITIONS = (
					"DEBUG=1",
					"$(inherited)",
				);
				GCC_WARN_64_TO_32_BIT_CONVERSION = YES;
				GCC_WARN_ABOUT_RETURN_TYPE = YES_ERROR;
				GCC_WARN_UNDECLARED_SELECTOR = YES;
				GCC_WARN_UNINITIALIZED_AUTOS = YES_AGGRESSIVE;
				GCC_WARN_UNUSED_FUNCTION = YES;
				GCC_WARN_UNUSED_VARIABLE = YES;
				IPHONEOS_DEPLOYMENT_TARGET = 9.2;
				MTL_ENABLE_DEBUG_INFO = YES;
				ONLY_ACTIVE_ARCH = YES;
				SDKROOT = iphoneos;
				SWIFT_OPTIMIZATION_LEVEL = "-Onone";
			};
			name = Debug;
		};
		270B63251C94CA31004CDA57 /* Release */ = {
			isa = XCBuildConfiguration;
			buildSettings = {
				ALWAYS_SEARCH_USER_PATHS = NO;
				CLANG_CXX_LANGUAGE_STANDARD = "gnu++0x";
				CLANG_CXX_LIBRARY = "libc++";
				CLANG_ENABLE_MODULES = YES;
				CLANG_ENABLE_OBJC_ARC = YES;
				CLANG_WARN_BOOL_CONVERSION = YES;
				CLANG_WARN_CONSTANT_CONVERSION = YES;
				CLANG_WARN_DIRECT_OBJC_ISA_USAGE = YES_ERROR;
				CLANG_WARN_EMPTY_BODY = YES;
				CLANG_WARN_ENUM_CONVERSION = YES;
				CLANG_WARN_INT_CONVERSION = YES;
				CLANG_WARN_OBJC_ROOT_CLASS = YES_ERROR;
				CLANG_WARN_UNREACHABLE_CODE = YES;
				CLANG_WARN__DUPLICATE_METHOD_MATCH = YES;
				"CODE_SIGN_IDENTITY[sdk=iphoneos*]" = "iPhone Developer";
				COPY_PHASE_STRIP = NO;
				DEBUG_INFORMATION_FORMAT = "dwarf-with-dsym";
				ENABLE_NS_ASSERTIONS = NO;
				ENABLE_STRICT_OBJC_MSGSEND = YES;
				GCC_C_LANGUAGE_STANDARD = gnu99;
				GCC_NO_COMMON_BLOCKS = YES;
				GCC_WARN_64_TO_32_BIT_CONVERSION = YES;
				GCC_WARN_ABOUT_RETURN_TYPE = YES_ERROR;
				GCC_WARN_UNDECLARED_SELECTOR = YES;
				GCC_WARN_UNINITIALIZED_AUTOS = YES_AGGRESSIVE;
				GCC_WARN_UNUSED_FUNCTION = YES;
				GCC_WARN_UNUSED_VARIABLE = YES;
				IPHONEOS_DEPLOYMENT_TARGET = 9.2;
				MTL_ENABLE_DEBUG_INFO = NO;
				SDKROOT = iphoneos;
				VALIDATE_PRODUCT = YES;
			};
			name = Release;
		};
		270B63271C94CA31004CDA57 /* Debug */ = {
			isa = XCBuildConfiguration;
			buildSettings = {
				ASSETCATALOG_COMPILER_APPICON_NAME = AppIcon;
				INFOPLIST_FILE = "Hide Bombs/Info.plist";
				LD_RUNPATH_SEARCH_PATHS = "$(inherited) @executable_path/Frameworks";
				PRODUCT_BUNDLE_IDENTIFIER = "com.devcellence.Hide-Bombs";
				PRODUCT_NAME = "$(TARGET_NAME)";
			};
			name = Debug;
		};
		270B63281C94CA31004CDA57 /* Release */ = {
			isa = XCBuildConfiguration;
			buildSettings = {
				ASSETCATALOG_COMPILER_APPICON_NAME = AppIcon;
				INFOPLIST_FILE = "Hide Bombs/Info.plist";
				LD_RUNPATH_SEARCH_PATHS = "$(inherited) @executable_path/Frameworks";
				PRODUCT_BUNDLE_IDENTIFIER = "com.devcellence.Hide-Bombs";
				PRODUCT_NAME = "$(TARGET_NAME)";
			};
			name = Release;
		};
/* End XCBuildConfiguration section */

/* Begin XCConfigurationList section */
		270B630F1C94CA31004CDA57 /* Build configuration list for PBXProject "Hide Bombs" */ = {
			isa = XCConfigurationList;
			buildConfigurations = (
				270B63241C94CA31004CDA57 /* Debug */,
				270B63251C94CA31004CDA57 /* Release */,
			);
			defaultConfigurationIsVisible = 0;
			defaultConfigurationName = Release;
		};
		270B63261C94CA31004CDA57 /* Build configuration list for PBXNativeTarget "Hide Bombs" */ = {
			isa = XCConfigurationList;
			buildConfigurations = (
				270B63271C94CA31004CDA57 /* Debug */,
				270B63281C94CA31004CDA57 /* Release */,
			);
			defaultConfigurationIsVisible = 0;
		};
/* End XCConfigurationList section */
	};
	rootObject = 270B630C1C94CA31004CDA57 /* Project object */;
}
